[root]
name = "rustdoc"
version = "0.1.0"
dependencies = [
 "rls-analysis 0.2.1 (git+https://github.com/nrc/rls-analysis/)",
]

[[package]]
name = "derive-new"
version = "0.3.0"
source = "registry+https://github.com/rust-lang/crates.io-index"
dependencies = [
 "quote 0.2.3 (registry+https://github.com/rust-lang/crates.io-index)",
 "syn 0.8.7 (registry+https://github.com/rust-lang/crates.io-index)",
]

[[package]]
name = "log"
version = "0.3.7"
source = "registry+https://github.com/rust-lang/crates.io-index"

[[package]]
name = "quote"
version = "0.2.3"
source = "registry+https://github.com/rust-lang/crates.io-index"

[[package]]
name = "rls-analysis"
version = "0.2.1"
source = "git+https://github.com/nrc/rls-analysis/#762db388901795d815fcc5a54b7470e2298a04c8"
dependencies = [
 "derive-new 0.3.0 (registry+https://github.com/rust-lang/crates.io-index)",
 "log 0.3.7 (registry+https://github.com/rust-lang/crates.io-index)",
 "rls-data 0.3.1 (registry+https://github.com/rust-lang/crates.io-index)",
 "rls-span 0.4.0 (registry+https://github.com/rust-lang/crates.io-index)",
 "rustc-serialize 0.3.24 (registry+https://github.com/rust-lang/crates.io-index)",
]

[[package]]
name = "rls-data"
version = "0.3.1"
source = "registry+https://github.com/rust-lang/crates.io-index"
dependencies = [
 "rls-span 0.4.0 (registry+https://github.com/rust-lang/crates.io-index)",
 "rustc-serialize 0.3.24 (registry+https://github.com/rust-lang/crates.io-index)",
]

[[package]]
name = "rls-span"
version = "0.4.0"
source = "registry+https://github.com/rust-lang/crates.io-index"
dependencies = [
 "rustc-serialize 0.3.24 (registry+https://github.com/rust-lang/crates.io-index)",
]

[[package]]
name = "rustc-serialize"
version = "0.3.24"
source = "registry+https://github.com/rust-lang/crates.io-index"

[[package]]
name = "syn"
version = "0.8.7"
source = "registry+https://github.com/rust-lang/crates.io-index"
dependencies = [
 "quote 0.2.3 (registry+https://github.com/rust-lang/crates.io-index)",
 "unicode-xid 0.0.3 (registry+https://github.com/rust-lang/crates.io-index)",
]

[[package]]
name = "unicode-xid"
version = "0.0.3"
source = "registry+https://github.com/rust-lang/crates.io-index"

[metadata]
"checksum derive-new 0.3.0 (registry+https://github.com/rust-lang/crates.io-index)" = "41be6ca3b99e0c0483fb2389685448f650459c3ecbe4e18d7705d8010ec4ab8e"
"checksum log 0.3.7 (registry+https://github.com/rust-lang/crates.io-index)" = "5141eca02775a762cc6cd564d8d2c50f67c0ea3a372cbf1c51592b3e029e10ad"
"checksum quote 0.2.3 (registry+https://github.com/rust-lang/crates.io-index)" = "4c5cf478fe1006dbcc72567121d23dbdae5f1632386068c5c86ff4f645628504"
"checksum rls-analysis 0.2.1 (git+https://github.com/nrc/rls-analysis/)" = "<none>"
"checksum rls-data 0.3.1 (registry+https://github.com/rust-lang/crates.io-index)" = "fc4277ce3c57f456b11fe3145b181a844a25201bab5cbaa1978457e6e2f27d47"
"checksum rls-span 0.4.0 (registry+https://github.com/rust-lang/crates.io-index)" = "5d7c7046dc6a92f2ae02ed302746db4382e75131b9ce20ce967259f6b5867a6a"
"checksum rustc-serialize 0.3.24 (registry+https://github.com/rust-lang/crates.io-index)" = "dcf128d1287d2ea9d80910b5f1120d0b8eede3fbf1abe91c40d39ea7d51e6fda"
"checksum syn 0.8.7 (registry+https://github.com/rust-lang/crates.io-index)" = "6ae6fb0dcc9bd85f89a1a4adc0df2fd90c90c98849d61433983dd7a9df6363f7"
"checksum unicode-xid 0.0.3 (registry+https://github.com/rust-lang/crates.io-index)" = "36dff09cafb4ec7c8cf0023eb0b686cb6ce65499116a12201c9e11840ca01beb"
